// !$*UTF8*$!
{
	archiveVersion = 1;
	classes = {
	};
	objectVersion = 50;
	objects = {

/* Begin PBXBuildFile section */
		3BDE8CD4254D654100256FA7 /* AppDelegate.swift in Sources */ = {isa = PBXBuildFile; fileRef = 3BDE8CD3254D654100256FA7 /* AppDelegate.swift */; };
		3BDE8CD6254D654100256FA7 /* SceneDelegate.swift in Sources */ = {isa = PBXBuildFile; fileRef = 3BDE8CD5254D654100256FA7 /* SceneDelegate.swift */; };
		3BDE8CD8254D654100256FA7 /* ContentView.swift in Sources */ = {isa = PBXBuildFile; fileRef = 3BDE8CD7254D654100256FA7 /* ContentView.swift */; };
		3BDE8CDA254D654400256FA7 /* Assets.xcassets in Resources */ = {isa = PBXBuildFile; fileRef = 3BDE8CD9254D654400256FA7 /* Assets.xcassets */; };
		3BDE8CDD254D654400256FA7 /* Preview Assets.xcassets in Resources */ = {isa = PBXBuildFile; fileRef = 3BDE8CDC254D654400256FA7 /* Preview Assets.xcassets */; };
		3BDE8CE0254D654400256FA7 /* LaunchScreen.storyboard in Resources */ = {isa = PBXBuildFile; fileRef = 3BDE8CDE254D654400256FA7 /* LaunchScreen.storyboard */; };
		3BDE8CEB254D654400256FA7 /* DrawSwiftUITests.swift in Sources */ = {isa = PBXBuildFile; fileRef = 3BDE8CEA254D654400256FA7 /* DrawSwiftUITests.swift */; };
		3BDE8CF6254D654400256FA7 /* DrawSwiftUIUITests.swift in Sources */ = {isa = PBXBuildFile; fileRef = 3BDE8CF5254D654400256FA7 /* DrawSwiftUIUITests.swift */; };
		3BDE8D04254E50AE00256FA7 /* CanvasView.swift in Sources */ = {isa = PBXBuildFile; fileRef = 3BDE8D03254E50AE00256FA7 /* CanvasView.swift */; };
		3BDE8D06254E5ADA00256FA7 /* CanvasViewController.swift in Sources */ = {isa = PBXBuildFile; fileRef = 3BDE8D05254E5ADA00256FA7 /* CanvasViewController.swift */; };
/* End PBXBuildFile section */

/* Begin PBXContainerItemProxy section */
		3BDE8CE7254D654400256FA7 /* PBXContainerItemProxy */ = {
			isa = PBXContainerItemProxy;
			containerPortal = 3BDE8CC8254D654100256FA7 /* Project object */;
			proxyType = 1;
			remoteGlobalIDString = 3BDE8CCF254D654100256FA7;
			remoteInfo = DrawSwiftUI;
		};
		3BDE8CF2254D654400256FA7 /* PBXContainerItemProxy */ = {
			isa = PBXContainerItemProxy;
			containerPortal = 3BDE8CC8254D654100256FA7 /* Project object */;
			proxyType = 1;
			remoteGlobalIDString = 3BDE8CCF254D654100256FA7;
			remoteInfo = DrawSwiftUI;
		};
/* End PBXContainerItemProxy section */

/* Begin PBXFileReference section */
		3BDE8CD0254D654100256FA7 /* DrawSwiftUI.app */ = {isa = PBXFileReference; explicitFileType = wrapper.application; includeInIndex = 0; path = DrawSwiftUI.app; sourceTree = BUILT_PRODUCTS_DIR; };
		3BDE8CD3254D654100256FA7 /* AppDelegate.swift */ = {isa = PBXFileReference; lastKnownFileType = sourcecode.swift; path = AppDelegate.swift; sourceTree = "<group>"; };
		3BDE8CD5254D654100256FA7 /* SceneDelegate.swift */ = {isa = PBXFileReference; lastKnownFileType = sourcecode.swift; path = SceneDelegate.swift; sourceTree = "<group>"; };
		3BDE8CD7254D654100256FA7 /* ContentView.swift */ = {isa = PBXFileReference; lastKnownFileType = sourcecode.swift; path = ContentView.swift; sourceTree = "<group>"; };
		3BDE8CD9254D654400256FA7 /* Assets.xcassets */ = {isa = PBXFileReference; lastKnownFileType = folder.assetcatalog; path = Assets.xcassets; sourceTree = "<group>"; };
		3BDE8CDC254D654400256FA7 /* Preview Assets.xcassets */ = {isa = PBXFileReference; lastKnownFileType = folder.assetcatalog; path = "Preview Assets.xcassets"; sourceTree = "<group>"; };
		3BDE8CDF254D654400256FA7 /* Base */ = {isa = PBXFileReference; lastKnownFileType = file.storyboard; name = Base; path = Base.lproj/LaunchScreen.storyboard; sourceTree = "<group>"; };
		3BDE8CE1254D654400256FA7 /* Info.plist */ = {isa = PBXFileReference; lastKnownFileType = text.plist.xml; path = Info.plist; sourceTree = "<group>"; };
		3BDE8CE6254D654400256FA7 /* DrawSwiftUITests.xctest */ = {isa = PBXFileReference; explicitFileType = wrapper.cfbundle; includeInIndex = 0; path = DrawSwiftUITests.xctest; sourceTree = BUILT_PRODUCTS_DIR; };
		3BDE8CEA254D654400256FA7 /* DrawSwiftUITests.swift */ = {isa = PBXFileReference; lastKnownFileType = sourcecode.swift; path = DrawSwiftUITests.swift; sourceTree = "<group>"; };
		3BDE8CEC254D654400256FA7 /* Info.plist */ = {isa = PBXFileReference; lastKnownFileType = text.plist.xml; path = Info.plist; sourceTree = "<group>"; };
		3BDE8CF1254D654400256FA7 /* DrawSwiftUIUITests.xctest */ = {isa = PBXFileReference; explicitFileType = wrapper.cfbundle; includeInIndex = 0; path = DrawSwiftUIUITests.xctest; sourceTree = BUILT_PRODUCTS_DIR; };
		3BDE8CF5254D654400256FA7 /* DrawSwiftUIUITests.swift */ = {isa = PBXFileReference; lastKnownFileType = sourcecode.swift; path = DrawSwiftUIUITests.swift; sourceTree = "<group>"; };
		3BDE8CF7254D654400256FA7 /* Info.plist */ = {isa = PBXFileReference; lastKnownFileType = text.plist.xml; path = Info.plist; sourceTree = "<group>"; };
		3BDE8D03254E50AE00256FA7 /* CanvasView.swift */ = {isa = PBXFileReference; lastKnownFileType = sourcecode.swift; path = CanvasView.swift; sourceTree = "<group>"; };
		3BDE8D05254E5ADA00256FA7 /* CanvasViewController.swift */ = {isa = PBXFileReference; lastKnownFileType = sourcecode.swift; path = CanvasViewController.swift; sourceTree = "<group>"; };
/* End PBXFileReference section */

/* Begin PBXFrameworksBuildPhase section */
		3BDE8CCD254D654100256FA7 /* Frameworks */ = {
			isa = PBXFrameworksBuildPhase;
			buildActionMask = 2147483647;
			files = (
			);
			runOnlyForDeploymentPostprocessing = 0;
		};
		3BDE8CE3254D654400256FA7 /* Frameworks */ = {
			isa = PBXFrameworksBuildPhase;
			buildActionMask = 2147483647;
			files = (
			);
			runOnlyForDeploymentPostprocessing = 0;
		};
		3BDE8CEE254D654400256FA7 /* Frameworks */ = {
			isa = PBXFrameworksBuildPhase;
			buildActionMask = 2147483647;
			files = (
			);
			runOnlyForDeploymentPostprocessing = 0;
		};
/* End PBXFrameworksBuildPhase section */

/* Begin PBXGroup section */
		3BDE8CC7254D654100256FA7 = {
			isa = PBXGroup;
			children = (
				3BDE8CD2254D654100256FA7 /* DrawSwiftUI */,
				3BDE8CE9254D654400256FA7 /* DrawSwiftUITests */,
				3BDE8CF4254D654400256FA7 /* DrawSwiftUIUITests */,
				3BDE8CD1254D654100256FA7 /* Products */,
			);
			sourceTree = "<group>";
		};
		3BDE8CD1254D654100256FA7 /* Products */ = {
			isa = PBXGroup;
			children = (
				3BDE8CD0254D654100256FA7 /* DrawSwiftUI.app */,
				3BDE8CE6254D654400256FA7 /* DrawSwiftUITests.xctest */,
				3BDE8CF1254D654400256FA7 /* DrawSwiftUIUITests.xctest */,
			);
			name = Products;
			sourceTree = "<group>";
		};
		3BDE8CD2254D654100256FA7 /* DrawSwiftUI */ = {
			isa = PBXGroup;
			children = (
				3BDE8CD3254D654100256FA7 /* AppDelegate.swift */,
				3BDE8CD5254D654100256FA7 /* SceneDelegate.swift */,
				3BDE8CD7254D654100256FA7 /* ContentView.swift */,
				3BDE8D03254E50AE00256FA7 /* CanvasView.swift */,
				3BDE8D05254E5ADA00256FA7 /* CanvasViewController.swift */,
				3BDE8CD9254D654400256FA7 /* Assets.xcassets */,
				3BDE8CDE254D654400256FA7 /* LaunchScreen.storyboard */,
				3BDE8CE1254D654400256FA7 /* Info.plist */,
				3BDE8CDB254D654400256FA7 /* Preview Content */,
			);
			path = DrawSwiftUI;
			sourceTree = "<group>";
		};
		3BDE8CDB254D654400256FA7 /* Preview Content */ = {
			isa = PBXGroup;
			children = (
				3BDE8CDC254D654400256FA7 /* Preview Assets.xcassets */,
			);
			path = "Preview Content";
			sourceTree = "<group>";
		};
		3BDE8CE9254D654400256FA7 /* DrawSwiftUITests */ = {
			isa = PBXGroup;
			children = (
				3BDE8CEA254D654400256FA7 /* DrawSwiftUITests.swift */,
				3BDE8CEC254D654400256FA7 /* Info.plist */,
			);
			path = DrawSwiftUITests;
			sourceTree = "<group>";
		};
		3BDE8CF4254D654400256FA7 /* DrawSwiftUIUITests */ = {
			isa = PBXGroup;
			children = (
				3BDE8CF5254D654400256FA7 /* DrawSwiftUIUITests.swift */,
				3BDE8CF7254D654400256FA7 /* Info.plist */,
			);
			path = DrawSwiftUIUITests;
			sourceTree = "<group>";
		};
/* End PBXGroup section */

/* Begin PBXNativeTarget section */
		3BDE8CCF254D654100256FA7 /* DrawSwiftUI */ = {
			isa = PBXNativeTarget;
			buildConfigurationList = 3BDE8CFA254D654400256FA7 /* Build configuration list for PBXNativeTarget "DrawSwiftUI" */;
			buildPhases = (
				3BDE8CCC254D654100256FA7 /* Sources */,
				3BDE8CCD254D654100256FA7 /* Frameworks */,
				3BDE8CCE254D654100256FA7 /* Resources */,
			);
			buildRules = (
			);
			dependencies = (
			);
			name = DrawSwiftUI;
			productName = DrawSwiftUI;
			productReference = 3BDE8CD0254D654100256FA7 /* DrawSwiftUI.app */;
			productType = "com.apple.product-type.application";
		};
		3BDE8CE5254D654400256FA7 /* DrawSwiftUITests */ = {
			isa = PBXNativeTarget;
			buildConfigurationList = 3BDE8CFD254D654400256FA7 /* Build configuration list for PBXNativeTarget "DrawSwiftUITests" */;
			buildPhases = (
				3BDE8CE2254D654400256FA7 /* Sources */,
				3BDE8CE3254D654400256FA7 /* Frameworks */,
				3BDE8CE4254D654400256FA7 /* Resources */,
			);
			buildRules = (
			);
			dependencies = (
				3BDE8CE8254D654400256FA7 /* PBXTargetDependency */,
			);
			name = DrawSwiftUITests;
			productName = DrawSwiftUITests;
			productReference = 3BDE8CE6254D654400256FA7 /* DrawSwiftUITests.xctest */;
			productType = "com.apple.product-type.bundle.unit-test";
		};
		3BDE8CF0254D654400256FA7 /* DrawSwiftUIUITests */ = {
			isa = PBXNativeTarget;
			buildConfigurationList = 3BDE8D00254D654400256FA7 /* Build configuration list for PBXNativeTarget "DrawSwiftUIUITests" */;
			buildPhases = (
				3BDE8CED254D654400256FA7 /* Sources */,
				3BDE8CEE254D654400256FA7 /* Frameworks */,
				3BDE8CEF254D654400256FA7 /* Resources */,
			);
			buildRules = (
			);
			dependencies = (
				3BDE8CF3254D654400256FA7 /* PBXTargetDependency */,
			);
			name = DrawSwiftUIUITests;
			productName = DrawSwiftUIUITests;
			productReference = 3BDE8CF1254D654400256FA7 /* DrawSwiftUIUITests.xctest */;
			productType = "com.apple.product-type.bundle.ui-testing";
		};
/* End PBXNativeTarget section */

/* Begin PBXProject section */
		3BDE8CC8254D654100256FA7 /* Project object */ = {
			isa = PBXProject;
			attributes = {
				LastSwiftUpdateCheck = 1170;
				LastUpgradeCheck = 1170;
				ORGANIZATIONNAME = elye;
				TargetAttributes = {
					3BDE8CCF254D654100256FA7 = {
						CreatedOnToolsVersion = 11.7;
					};
					3BDE8CE5254D654400256FA7 = {
						CreatedOnToolsVersion = 11.7;
						TestTargetID = 3BDE8CCF254D654100256FA7;
					};
					3BDE8CF0254D654400256FA7 = {
						CreatedOnToolsVersion = 11.7;
						TestTargetID = 3BDE8CCF254D654100256FA7;
					};
				};
			};
			buildConfigurationList = 3BDE8CCB254D654100256FA7 /* Build configuration list for PBXProject "DrawSwiftUI" */;
			compatibilityVersion = "Xcode 9.3";
			developmentRegion = en;
			hasScannedForEncodings = 0;
			knownRegions = (
				en,
				Base,
			);
			mainGroup = 3BDE8CC7254D654100256FA7;
			productRefGroup = 3BDE8CD1254D654100256FA7 /* Products */;
			projectDirPath = "";
			projectRoot = "";
			targets = (
				3BDE8CCF254D654100256FA7 /* DrawSwiftUI */,
				3BDE8CE5254D654400256FA7 /* DrawSwiftUITests */,
				3BDE8CF0254D654400256FA7 /* DrawSwiftUIUITests */,
			);
		};
/* End PBXProject section */

/* Begin PBXResourcesBuildPhase section */
		3BDE8CCE254D654100256FA7 /* Resources */ = {
			isa = PBXResourcesBuildPhase;
			buildActionMask = 2147483647;
			files = (
				3BDE8CE0254D654400256FA7 /* LaunchScreen.storyboard in Resources */,
				3BDE8CDD254D654400256FA7 /* Preview Assets.xcassets in Resources */,
				3BDE8CDA254D654400256FA7 /* Assets.xcassets in Resources */,
			);
			runOnlyForDeploymentPostprocessing = 0;
		};
		3BDE8CE4254D654400256FA7 /* Resources */ = {
			isa = PBXResourcesBuildPhase;
			buildActionMask = 2147483647;
			files = (
			);
			runOnlyForDeploymentPostprocessing = 0;
		};
		3BDE8CEF254D654400256FA7 /* Resources */ = {
			isa = PBXResourcesBuildPhase;
			buildActionMask = 2147483647;
			files = (
			);
			runOnlyForDeploymentPostprocessing = 0;
		};
/* End PBXResourcesBuildPhase section */

/* Begin PBXSourcesBuildPhase section */
		3BDE8CCC254D654100256FA7 /* Sources */ = {
			isa = PBXSourcesBuildPhase;
			buildActionMask = 2147483647;
			files = (
				3BDE8CD4254D654100256FA7 /* AppDelegate.swift in Sources */,
				3BDE8CD6254D654100256FA7 /* SceneDelegate.swift in Sources */,
				3BDE8D04254E50AE00256FA7 /* CanvasView.swift in Sources */,
				3BDE8D06254E5ADA00256FA7 /* CanvasViewController.swift in Sources */,
				3BDE8CD8254D654100256FA7 /* ContentView.swift in Sources */,
			);
			runOnlyForDeploymentPostprocessing = 0;
		};
		3BDE8CE2254D654400256FA7 /* Sources */ = {
			isa = PBXSourcesBuildPhase;
			buildActionMask = 2147483647;
			files = (
				3BDE8CEB254D654400256FA7 /* DrawSwiftUITests.swift in Sources */,
			);
			runOnlyForDeploymentPostprocessing = 0;
		};
		3BDE8CED254D654400256FA7 /* Sources */ = {
			isa = PBXSourcesBuildPhase;
			buildActionMask = 2147483647;
			files = (
				3BDE8CF6254D654400256FA7 /* DrawSwiftUIUITests.swift in Sources */,
			);
			runOnlyForDeploymentPostprocessing = 0;
		};
/* End PBXSourcesBuildPhase section */

/* Begin PBXTargetDependency section */
		3BDE8CE8254D654400256FA7 /* PBXTargetDependency */ = {
			isa = PBXTargetDependency;
			target = 3BDE8CCF254D654100256FA7 /* DrawSwiftUI */;
			targetProxy = 3BDE8CE7254D654400256FA7 /* PBXContainerItemProxy */;
		};
		3BDE8CF3254D654400256FA7 /* PBXTargetDependency */ = {
			isa = PBXTargetDependency;
			target = 3BDE8CCF254D654100256FA7 /* DrawSwiftUI */;
			targetProxy = 3BDE8CF2254D654400256FA7 /* PBXContainerItemProxy */;
		};
/* End PBXTargetDependency section */

/* Begin PBXVariantGroup section */
		3BDE8CDE254D654400256FA7 /* LaunchScreen.storyboard */ = {
			isa = PBXVariantGroup;
			children = (
				3BDE8CDF254D654400256FA7 /* Base */,
			);
			name = LaunchScreen.storyboard;
			sourceTree = "<group>";
		};
/* End PBXVariantGroup section */

/* Begin XCBuildConfiguration section */
		3BDE8CF8254D654400256FA7 /* Debug */ = {
			isa = XCBuildConfiguration;
			buildSettings = {
				ALWAYS_SEARCH_USER_PATHS = NO;
				CLANG_ANALYZER_NONNULL = YES;
				CLANG_ANALYZER_NUMBER_OBJECT_CONVERSION = YES_AGGRESSIVE;
				CLANG_CXX_LANGUAGE_STANDARD = "gnu++14";
				CLANG_CXX_LIBRARY = "libc++";
				CLANG_ENABLE_MODULES = YES;
				CLANG_ENABLE_OBJC_ARC = YES;
				CLANG_ENABLE_OBJC_WEAK = YES;
				CLANG_WARN_BLOCK_CAPTURE_AUTORELEASING = YES;
				CLANG_WARN_BOOL_CONVERSION = YES;
				CLANG_WARN_COMMA = YES;
				CLANG_WARN_CONSTANT_CONVERSION = YES;
				CLANG_WARN_DEPRECATED_OBJC_IMPLEMENTATIONS = YES;
				CLANG_WARN_DIRECT_OBJC_ISA_USAGE = YES_ERROR;
				CLANG_WARN_DOCUMENTATION_COMMENTS = YES;
				CLANG_WARN_EMPTY_BODY = YES;
				CLANG_WARN_ENUM_CONVERSION = YES;
				CLANG_WARN_INFINITE_RECURSION = YES;
				CLANG_WARN_INT_CONVERSION = YES;
				CLANG_WARN_NON_LITERAL_NULL_CONVERSION = YES;
				CLANG_WARN_OBJC_IMPLICIT_RETAIN_SELF = YES;
				CLANG_WARN_OBJC_LITERAL_CONVERSION = YES;
				CLANG_WARN_OBJC_ROOT_CLASS = YES_ERROR;
				CLANG_WARN_RANGE_LOOP_ANALYSIS = YES;
				CLANG_WARN_STRICT_PROTOTYPES = YES;
				CLANG_WARN_SUSPICIOUS_MOVE = YES;
				CLANG_WARN_UNGUARDED_AVAILABILITY = YES_AGGRESSIVE;
				CLANG_WARN_UNREACHABLE_CODE = YES;
				CLANG_WARN__DUPLICATE_METHOD_MATCH = YES;
				COPY_PHASE_STRIP = NO;
				DEBUG_INFORMATION_FORMAT = dwarf;
				ENABLE_STRICT_OBJC_MSGSEND = YES;
				ENABLE_TESTABILITY = YES;
				GCC_C_LANGUAGE_STANDARD = gnu11;
				GCC_DYNAMIC_NO_PIC = NO;
				GCC_NO_COMMON_BLOCKS = YES;
				GCC_OPTIMIZATION_LEVEL = 0;
				GCC_PREPROCESSOR_DEFINITIONS = (
					"DEBUG=1",
					"$(inherited)",
				);
				GCC_WARN_64_TO_32_BIT_CONVERSION = YES;
				GCC_WARN_ABOUT_RETURN_TYPE = YES_ERROR;
				GCC_WARN_UNDECLARED_SELECTOR = YES;
				GCC_WARN_UNINITIALIZED_AUTOS = YES_AGGRESSIVE;
				GCC_WARN_UNUSED_FUNCTION = YES;
				GCC_WARN_UNUSED_VARIABLE = YES;
				IPHONEOS_DEPLOYMENT_TARGET = 13.7;
				MTL_ENABLE_DEBUG_INFO = INCLUDE_SOURCE;
				MTL_FAST_MATH = YES;
				ONLY_ACTIVE_ARCH = YES;
				SDKROOT = iphoneos;
				SWIFT_ACTIVE_COMPILATION_CONDITIONS = DEBUG;
				SWIFT_OPTIMIZATION_LEVEL = "-Onone";
			};
			name = Debug;
		};
		3BDE8CF9254D654400256FA7 /* Release */ = {
			isa = XCBuildConfiguration;
			buildSettings = {
				ALWAYS_SEARCH_USER_PATHS = NO;
				CLANG_ANALYZER_NONNULL = YES;
				CLANG_ANALYZER_NUMBER_OBJECT_CONVERSION = YES_AGGRESSIVE;
				CLANG_CXX_LANGUAGE_STANDARD = "gnu++14";
				CLANG_CXX_LIBRARY = "libc++";
				CLANG_ENABLE_MODULES = YES;
				CLANG_ENABLE_OBJC_ARC = YES;
				CLANG_ENABLE_OBJC_WEAK = YES;
				CLANG_WARN_BLOCK_CAPTURE_AUTORELEASING = YES;
				CLANG_WARN_BOOL_CONVERSION = YES;
				CLANG_WARN_COMMA = YES;
				CLANG_WARN_CONSTANT_CONVERSION = YES;
				CLANG_WARN_DEPRECATED_OBJC_IMPLEMENTATIONS = YES;
				CLANG_WARN_DIRECT_OBJC_ISA_USAGE = YES_ERROR;
				CLANG_WARN_DOCUMENTATION_COMMENTS = YES;
				CLANG_WARN_EMPTY_BODY = YES;
				CLANG_WARN_ENUM_CONVERSION = YES;
				CLANG_WARN_INFINITE_RECURSION = YES;
				CLANG_WARN_INT_CONVERSION = YES;
				CLANG_WARN_NON_LITERAL_NULL_CONVERSION = YES;
				CLANG_WARN_OBJC_IMPLICIT_RETAIN_SELF = YES;
				CLANG_WARN_OBJC_LITERAL_CONVERSION = YES;
				CLANG_WARN_OBJC_ROOT_CLASS = YES_ERROR;
				CLANG_WARN_RANGE_LOOP_ANALYSIS = YES;
				CLANG_WARN_STRICT_PROTOTYPES = YES;
				CLANG_WARN_SUSPICIOUS_MOVE = YES;
				CLANG_WARN_UNGUARDED_AVAILABILITY = YES_AGGRESSIVE;
				CLANG_WARN_UNREACHABLE_CODE = YES;
				CLANG_WARN__DUPLICATE_METHOD_MATCH = YES;
				COPY_PHASE_STRIP = NO;
				DEBUG_INFORMATION_FORMAT = "dwarf-with-dsym";
				ENABLE_NS_ASSERTIONS = NO;
				ENABLE_STRICT_OBJC_MSGSEND = YES;
				GCC_C_LANGUAGE_STANDARD = gnu11;
				GCC_NO_COMMON_BLOCKS = YES;
				GCC_WARN_64_TO_32_BIT_CONVERSION = YES;
				GCC_WARN_ABOUT_RETURN_TYPE = YES_ERROR;
				GCC_WARN_UNDECLARED_SELECTOR = YES;
				GCC_WARN_UNINITIALIZED_AUTOS = YES_AGGRESSIVE;
				GCC_WARN_UNUSED_FUNCTION = YES;
				GCC_WARN_UNUSED_VARIABLE = YES;
				IPHONEOS_DEPLOYMENT_TARGET = 13.7;
				MTL_ENABLE_DEBUG_INFO = NO;
				MTL_FAST_MATH = YES;
				SDKROOT = iphoneos;
				SWIFT_COMPILATION_MODE = wholemodule;
				SWIFT_OPTIMIZATION_LEVEL = "-O";
				VALIDATE_PRODUCT = YES;
			};
			name = Release;
		};
		3BDE8CFB254D654400256FA7 /* Debug */ = {
			isa = XCBuildConfiguration;
			buildSettings = {
				ASSETCATALOG_COMPILER_APPICON_NAME = AppIcon;
				CODE_SIGN_STYLE = Automatic;
				DEVELOPMENT_ASSET_PATHS = "\"DrawSwiftUI/Preview Content\"";
				ENABLE_PREVIEWS = YES;
				INFOPLIST_FILE = DrawSwiftUI/Info.plist;
				LD_RUNPATH_SEARCH_PATHS = (
					"$(inherited)",
					"@executable_path/Frameworks",
				);
				PRODUCT_BUNDLE_IDENTIFIER = elye.DrawSwiftUI;
				PRODUCT_NAME = "$(TARGET_NAME)";
				SWIFT_VERSION = 5.0;
				TARGETED_DEVICE_FAMILY = "1,2";
			};
			name = Debug;
		};
		3BDE8CFC254D654400256FA7 /* Release */ = {
			isa = XCBuildConfiguration;
			buildSettings = {
				ASSETCATALOG_COMPILER_APPICON_NAME = AppIcon;
				CODE_SIGN_STYLE = Automatic;
				DEVELOPMENT_ASSET_PATHS = "\"DrawSwiftUI/Preview Content\"";
				ENABLE_PREVIEWS = YES;
				INFOPLIST_FILE = DrawSwiftUI/Info.plist;
				LD_RUNPATH_SEARCH_PATHS = (
					"$(inherited)",
					"@executable_path/Frameworks",
				);
				PRODUCT_BUNDLE_IDENTIFIER = elye.DrawSwiftUI;
				PRODUCT_NAME = "$(TARGET_NAME)";
				SWIFT_VERSION = 5.0;
				TARGETED_DEVICE_FAMILY = "1,2";
			};
			name = Release;
		};
		3BDE8CFE254D654400256FA7 /* Debug */ = {
			isa = XCBuildConfiguration;
			buildSettings = {
				ALWAYS_EMBED_SWIFT_STANDARD_LIBRARIES = YES;
				BUNDLE_LOADER = "$(TEST_HOST)";
				CODE_SIGN_STYLE = Automatic;
				INFOPLIST_FILE = DrawSwiftUITests/Info.plist;
				IPHONEOS_DEPLOYMENT_TARGET = 13.7;
				LD_RUNPATH_SEARCH_PATHS = (
					"$(inherited)",
					"@executable_path/Frameworks",
					"@loader_path/Frameworks",
				);
				PRODUCT_BUNDLE_IDENTIFIER = elye.DrawSwiftUITests;
				PRODUCT_NAME = "$(TARGET_NAME)";
				SWIFT_VERSION = 5.0;
				TARGETED_DEVICE_FAMILY = "1,2";
				TEST_HOST = "$(BUILT_PRODUCTS_DIR)/DrawSwiftUI.app/DrawSwiftUI";
			};
			name = Debug;
		};
		3BDE8CFF254D654400256FA7 /* Release */ = {
			isa = XCBuildConfiguration;
			buildSettings = {
				ALWAYS_EMBED_SWIFT_STANDARD_LIBRARIES = YES;
				BUNDLE_LOADER = "$(TEST_HOST)";
				CODE_SIGN_STYLE = Automatic;
				INFOPLIST_FILE = DrawSwiftUITests/Info.plist;
				IPHONEOS_DEPLOYMENT_TARGET = 13.7;
				LD_RUNPATH_SEARCH_PATHS = (
					"$(inherited)",
					"@executable_path/Frameworks",
					"@loader_path/Frameworks",
				);
				PRODUCT_BUNDLE_IDENTIFIER = elye.DrawSwiftUITests;
				PRODUCT_NAME = "$(TARGET_NAME)";
				SWIFT_VERSION = 5.0;
				TARGETED_DEVICE_FAMILY = "1,2";
				TEST_HOST = "$(BUILT_PRODUCTS_DIR)/DrawSwiftUI.app/DrawSwiftUI";
			};
			name = Release;
		};
		3BDE8D01254D654400256FA7 /* Debug */ = {
			isa = XCBuildConfiguration;
			buildSettings = {
				ALWAYS_EMBED_SWIFT_STANDARD_LIBRARIES = YES;
				CODE_SIGN_STYLE = Automatic;
				INFOPLIST_FILE = DrawSwiftUIUITests/Info.plist;
				LD_RUNPATH_SEARCH_PATHS = (
					"$(inherited)",
					"@executable_path/Frameworks",
					"@loader_path/Frameworks",
				);
				PRODUCT_BUNDLE_IDENTIFIER = elye.DrawSwiftUIUITests;
				PRODUCT_NAME = "$(TARGET_NAME)";
				SWIFT_VERSION = 5.0;
				TARGETED_DEVICE_FAMILY = "1,2";
				TEST_TARGET_NAME = DrawSwiftUI;
			};
			name = Debug;
		};
		3BDE8D02254D654400256FA7 /* Release */ = {
			isa = XCBuildConfiguration;
			buildSettings = {
				ALWAYS_EMBED_SWIFT_STANDARD_LIBRARIES = YES;
				CODE_SIGN_STYLE = Automatic;
				INFOPLIST_FILE = DrawSwiftUIUITests/Info.plist;
				LD_RUNPATH_SEARCH_PATHS = (
					"$(inherited)",
					"@executable_path/Frameworks",
					"@loader_path/Frameworks",
				);
				PRODUCT_BUNDLE_IDENTIFIER = elye.DrawSwiftUIUITests;
				PRODUCT_NAME = "$(TARGET_NAME)";
				SWIFT_VERSION = 5.0;
				TARGETED_DEVICE_FAMILY = "1,2";
				TEST_TARGET_NAME = DrawSwiftUI;
			};
			name = Release;
		};
/* End XCBuildConfiguration section */

/* Begin XCConfigurationList section */
		3BDE8CCB254D654100256FA7 /* Build configuration list for PBXProject "DrawSwiftUI" */ = {
			isa = XCConfigurationList;
			buildConfigurations = (
				3BDE8CF8254D654400256FA7 /* Debug */,
				3BDE8CF9254D654400256FA7 /* Release */,
			);
			defaultConfigurationIsVisible = 0;
			defaultConfigurationName = Release;
		};
		3BDE8CFA254D654400256FA7 /* Build configuration list for PBXNativeTarget "DrawSwiftUI" */ = {
			isa = XCConfigurationList;
			buildConfigurations = (
				3BDE8CFB254D654400256FA7 /* Debug */,
				3BDE8CFC254D654400256FA7 /* Release */,
			);
			defaultConfigurationIsVisible = 0;
			defaultConfigurationName = Release;
		};
		3BDE8CFD254D654400256FA7 /* Build configuration list for PBXNativeTarget "DrawSwiftUITests" */ = {
			isa = XCConfigurationList;
			buildConfigurations = (
				3BDE8CFE254D654400256FA7 /* Debug */,
				3BDE8CFF254D654400256FA7 /* Release */,
			);
			defaultConfigurationIsVisible = 0;
			defaultConfigurationName = Release;
		};
		3BDE8D00254D654400256FA7 /* Build configuration list for PBXNativeTarget "DrawSwiftUIUITests" */ = {
			isa = XCConfigurationList;
			buildConfigurations = (
				3BDE8D01254D654400256FA7 /* Debug */,
				3BDE8D02254D654400256FA7 /* Release */,
			);
			defaultConfigurationIsVisible = 0;
			defaultConfigurationName = Release;
		};
/* End XCConfigurationList section */
	};
	rootObject = 3BDE8CC8254D654100256FA7 /* Project object */;
}
